// !$*UTF8*$!
{
	archiveVersion = 1;
	classes = {
	};
	objectVersion = 55;
	objects = {

/* Begin PBXBuildFile section */
		646FAC6428A66A6500DCEE5E /* main.cpp in Sources */ = {isa = PBXBuildFile; fileRef = 646FAC6328A66A6500DCEE5E /* main.cpp */; };
		646FAC7628A66B2600DCEE5E /* uomap.cpp in Sources */ = {isa = PBXBuildFile; fileRef = 646FAC7128A66B2600DCEE5E /* uomap.cpp */; };
		646FAC7728A66B2600DCEE5E /* mapblock.cpp in Sources */ = {isa = PBXBuildFile; fileRef = 646FAC7228A66B2600DCEE5E /* mapblock.cpp */; };
		646FAC7828A66B2600DCEE5E /* uopfile.cpp in Sources */ = {isa = PBXBuildFile; fileRef = 646FAC7428A66B2600DCEE5E /* uopfile.cpp */; };
		646FAC7B28A66B2F00DCEE5E /* strutil.cpp in Sources */ = {isa = PBXBuildFile; fileRef = 646FAC7928A66B2F00DCEE5E /* strutil.cpp */; };
/* End PBXBuildFile section */

/* Begin PBXCopyFilesBuildPhase section */
		646FAC5E28A66A6500DCEE5E /* CopyFiles */ = {
			isa = PBXCopyFilesBuildPhase;
			buildActionMask = 2147483647;
			dstPath = /usr/share/man/man1/;
			dstSubfolderSpec = 0;
			files = (
			);
			runOnlyForDeploymentPostprocessing = 1;
		};
/* End PBXCopyFilesBuildPhase section */

/* Begin PBXFileReference section */
		646FAC6028A66A6500DCEE5E /* UOMapExtractor */ = {isa = PBXFileReference; explicitFileType = "compiled.mach-o.executable"; includeInIndex = 0; path = UOMapExtractor; sourceTree = BUILT_PRODUCTS_DIR; };
		646FAC6328A66A6500DCEE5E /* main.cpp */ = {isa = PBXFileReference; lastKnownFileType = sourcecode.cpp.cpp; path = main.cpp; sourceTree = "<group>"; };
		646FAC6A28A66AC200DCEE5E /* .gitignore */ = {isa = PBXFileReference; fileEncoding = 4; lastKnownFileType = text; path = .gitignore; sourceTree = "<group>"; };
		646FAC6E28A66B1000DCEE5E /* wf.png */ = {isa = PBXFileReference; lastKnownFileType = image.png; path = wf.png; sourceTree = "<group>"; };
		646FAC6F28A66B1000DCEE5E /* wf.ico */ = {isa = PBXFileReference; lastKnownFileType = image.ico; path = wf.ico; sourceTree = "<group>"; };
		646FAC7028A66B2600DCEE5E /* uomap.hpp */ = {isa = PBXFileReference; fileEncoding = 4; lastKnownFileType = sourcecode.cpp.h; path = uomap.hpp; sourceTree = "<group>"; };
		646FAC7128A66B2600DCEE5E /* uomap.cpp */ = {isa = PBXFileReference; fileEncoding = 4; lastKnownFileType = sourcecode.cpp.cpp; path = uomap.cpp; sourceTree = "<group>"; };
		646FAC7228A66B2600DCEE5E /* mapblock.cpp */ = {isa = PBXFileReference; fileEncoding = 4; lastKnownFileType = sourcecode.cpp.cpp; path = mapblock.cpp; sourceTree = "<group>"; };
		646FAC7328A66B2600DCEE5E /* mapblock.hpp */ = {isa = PBXFileReference; fileEncoding = 4; lastKnownFileType = sourcecode.cpp.h; path = mapblock.hpp; sourceTree = "<group>"; };
		646FAC7428A66B2600DCEE5E /* uopfile.cpp */ = {isa = PBXFileReference; fileEncoding = 4; lastKnownFileType = sourcecode.cpp.cpp; path = uopfile.cpp; sourceTree = "<group>"; };
		646FAC7528A66B2600DCEE5E /* uopfile.hpp */ = {isa = PBXFileReference; fileEncoding = 4; lastKnownFileType = sourcecode.cpp.h; path = uopfile.hpp; sourceTree = "<group>"; };
		646FAC7928A66B2F00DCEE5E /* strutil.cpp */ = {isa = PBXFileReference; fileEncoding = 4; lastKnownFileType = sourcecode.cpp.cpp; path = strutil.cpp; sourceTree = "<group>"; };
		646FAC7A28A66B2F00DCEE5E /* strutil.hpp */ = {isa = PBXFileReference; fileEncoding = 4; lastKnownFileType = sourcecode.cpp.h; path = strutil.hpp; sourceTree = "<group>"; };
/* End PBXFileReference section */

/* Begin PBXFrameworksBuildPhase section */
		646FAC5D28A66A6500DCEE5E /* Frameworks */ = {
			isa = PBXFrameworksBuildPhase;
			buildActionMask = 2147483647;
			files = (
			);
			runOnlyForDeploymentPostprocessing = 0;
		};
/* End PBXFrameworksBuildPhase section */

/* Begin PBXGroup section */
		646FAC5728A66A6400DCEE5E = {
			isa = PBXGroup;
			children = (
				646FAC6D28A66AFC00DCEE5E /* asset */,
				646FAC6A28A66AC200DCEE5E /* .gitignore */,
				646FAC6228A66A6500DCEE5E /* UOMapExtractor */,
				646FAC6128A66A6500DCEE5E /* Products */,
			);
			sourceTree = "<group>";
		};
		646FAC6128A66A6500DCEE5E /* Products */ = {
			isa = PBXGroup;
			children = (
				646FAC6028A66A6500DCEE5E /* UOMapExtractor */,
			);
			name = Products;
			sourceTree = "<group>";
		};
		646FAC6228A66A6500DCEE5E /* UOMapExtractor */ = {
			isa = PBXGroup;
			children = (
				646FAC6C28A66ADD00DCEE5E /* utility */,
				646FAC6B28A66AD500DCEE5E /* uodata */,
				646FAC6328A66A6500DCEE5E /* main.cpp */,
			);
			path = UOMapExtractor;
			sourceTree = "<group>";
		};
		646FAC6B28A66AD500DCEE5E /* uodata */ = {
			isa = PBXGroup;
			children = (
				646FAC7228A66B2600DCEE5E /* mapblock.cpp */,
				646FAC7328A66B2600DCEE5E /* mapblock.hpp */,
				646FAC7128A66B2600DCEE5E /* uomap.cpp */,
				646FAC7028A66B2600DCEE5E /* uomap.hpp */,
				646FAC7428A66B2600DCEE5E /* uopfile.cpp */,
				646FAC7528A66B2600DCEE5E /* uopfile.hpp */,
			);
			path = uodata;
			sourceTree = "<group>";
		};
		646FAC6C28A66ADD00DCEE5E /* utility */ = {
			isa = PBXGroup;
			children = (
				646FAC7928A66B2F00DCEE5E /* strutil.cpp */,
				646FAC7A28A66B2F00DCEE5E /* strutil.hpp */,
			);
			path = utility;
			sourceTree = "<group>";
		};
		646FAC6D28A66AFC00DCEE5E /* asset */ = {
			isa = PBXGroup;
			children = (
				646FAC6F28A66B1000DCEE5E /* wf.ico */,
				646FAC6E28A66B1000DCEE5E /* wf.png */,
			);
			path = asset;
			sourceTree = "<group>";
		};
/* End PBXGroup section */

/* Begin PBXNativeTarget section */
		646FAC5F28A66A6500DCEE5E /* UOMapExtractor */ = {
			isa = PBXNativeTarget;
			buildConfigurationList = 646FAC6728A66A6500DCEE5E /* Build configuration list for PBXNativeTarget "UOMapExtractor" */;
			buildPhases = (
				646FAC5C28A66A6500DCEE5E /* Sources */,
				646FAC5D28A66A6500DCEE5E /* Frameworks */,
				646FAC5E28A66A6500DCEE5E /* CopyFiles */,
			);
			buildRules = (
			);
			dependencies = (
			);
			name = UOMapExtractor;
			productName = UOMapExtractor;
			productReference = 646FAC6028A66A6500DCEE5E /* UOMapExtractor */;
			productType = "com.apple.product-type.tool";
		};
/* End PBXNativeTarget section */

/* Begin PBXProject section */
		646FAC5828A66A6400DCEE5E /* Project object */ = {
			isa = PBXProject;
			attributes = {
				BuildIndependentTargetsInParallel = 1;
				LastUpgradeCheck = 1340;
				ORGANIZATIONNAME = "Charles Kerr";
				TargetAttributes = {
					646FAC5F28A66A6500DCEE5E = {
						CreatedOnToolsVersion = 13.4.1;
					};
				};
			};
			buildConfigurationList = 646FAC5B28A66A6400DCEE5E /* Build configuration list for PBXProject "UOMapExtractor" */;
			compatibilityVersion = "Xcode 13.0";
			developmentRegion = en;
			hasScannedForEncodings = 0;
			knownRegions = (
				en,
				Base,
			);
			mainGroup = 646FAC5728A66A6400DCEE5E;
			productRefGroup = 646FAC6128A66A6500DCEE5E /* Products */;
			projectDirPath = "";
			projectRoot = "";
			targets = (
				646FAC5F28A66A6500DCEE5E /* UOMapExtractor */,
			);
		};
/* End PBXProject section */

/* Begin PBXSourcesBuildPhase section */
		646FAC5C28A66A6500DCEE5E /* Sources */ = {
			isa = PBXSourcesBuildPhase;
			buildActionMask = 2147483647;
			files = (
				646FAC7828A66B2600DCEE5E /* uopfile.cpp in Sources */,
				646FAC7B28A66B2F00DCEE5E /* strutil.cpp in Sources */,
				646FAC7628A66B2600DCEE5E /* uomap.cpp in Sources */,
				646FAC7728A66B2600DCEE5E /* mapblock.cpp in Sources */,
				646FAC6428A66A6500DCEE5E /* main.cpp in Sources */,
			);
			runOnlyForDeploymentPostprocessing = 0;
		};
/* End PBXSourcesBuildPhase section */

/* Begin XCBuildConfiguration section */
		646FAC6528A66A6500DCEE5E /* Debug */ = {
			isa = XCBuildConfiguration;
			buildSettings = {
				ALWAYS_SEARCH_USER_PATHS = NO;
				CLANG_ANALYZER_NONNULL = YES;
				CLANG_ANALYZER_NUMBER_OBJECT_CONVERSION = YES_AGGRESSIVE;
				CLANG_CXX_LANGUAGE_STANDARD = "gnu++17";
				CLANG_ENABLE_MODULES = YES;
				CLANG_ENABLE_OBJC_ARC = YES;
				CLANG_ENABLE_OBJC_WEAK = YES;
				CLANG_WARN_BLOCK_CAPTURE_AUTORELEASING = YES;
				CLANG_WARN_BOOL_CONVERSION = YES;
				CLANG_WARN_COMMA = YES;
				CLANG_WARN_CONSTANT_CONVERSION = YES;
				CLANG_WARN_DEPRECATED_OBJC_IMPLEMENTATIONS = YES;
				CLANG_WARN_DIRECT_OBJC_ISA_USAGE = YES_ERROR;
				CLANG_WARN_DOCUMENTATION_COMMENTS = YES;
				CLANG_WARN_EMPTY_BODY = YES;
				CLANG_WARN_ENUM_CONVERSION = YES;
				CLANG_WARN_INFINITE_RECURSION = YES;
				CLANG_WARN_INT_CONVERSION = YES;
				CLANG_WARN_NON_LITERAL_NULL_CONVERSION = YES;
				CLANG_WARN_OBJC_IMPLICIT_RETAIN_SELF = YES;
				CLANG_WARN_OBJC_LITERAL_CONVERSION = YES;
				CLANG_WARN_OBJC_ROOT_CLASS = YES_ERROR;
				CLANG_WARN_QUOTED_INCLUDE_IN_FRAMEWORK_HEADER = YES;
				CLANG_WARN_RANGE_LOOP_ANALYSIS = YES;
				CLANG_WARN_STRICT_PROTOTYPES = YES;
				CLANG_WARN_SUSPICIOUS_MOVE = YES;
				CLANG_WARN_UNGUARDED_AVAILABILITY = YES_AGGRESSIVE;
				CLANG_WARN_UNREACHABLE_CODE = YES;
				CLANG_WARN__DUPLICATE_METHOD_MATCH = YES;
				COPY_PHASE_STRIP = NO;
				DEBUG_INFORMATION_FORMAT = dwarf;
				ENABLE_STRICT_OBJC_MSGSEND = YES;
				ENABLE_TESTABILITY = YES;
				GCC_C_LANGUAGE_STANDARD = gnu11;
				GCC_DYNAMIC_NO_PIC = NO;
				GCC_NO_COMMON_BLOCKS = YES;
				GCC_OPTIMIZATION_LEVEL = 0;
				GCC_PREPROCESSOR_DEFINITIONS = (
					"DEBUG=1",
					"$(inherited)",
				);
				GCC_WARN_64_TO_32_BIT_CONVERSION = YES;
				GCC_WARN_ABOUT_RETURN_TYPE = YES_ERROR;
				GCC_WARN_UNDECLARED_SELECTOR = YES;
				GCC_WARN_UNINITIALIZED_AUTOS = YES_AGGRESSIVE;
				GCC_WARN_UNUSED_FUNCTION = YES;
				GCC_WARN_UNUSED_VARIABLE = YES;
				MACOSX_DEPLOYMENT_TARGET = 12.3;
				MTL_ENABLE_DEBUG_INFO = INCLUDE_SOURCE;
				MTL_FAST_MATH = YES;
				ONLY_ACTIVE_ARCH = YES;
				SDKROOT = macosx;
			};
			name = Debug;
		};
		646FAC6628A66A6500DCEE5E /* Release */ = {
			isa = XCBuildConfiguration;
			buildSettings = {
				ALWAYS_SEARCH_USER_PATHS = NO;
				CLANG_ANALYZER_NONNULL = YES;
				CLANG_ANALYZER_NUMBER_OBJECT_CONVERSION = YES_AGGRESSIVE;
				CLANG_CXX_LANGUAGE_STANDARD = "gnu++17";
				CLANG_ENABLE_MODULES = YES;
				CLANG_ENABLE_OBJC_ARC = YES;
				CLANG_ENABLE_OBJC_WEAK = YES;
				CLANG_WARN_BLOCK_CAPTURE_AUTORELEASING = YES;
				CLANG_WARN_BOOL_CONVERSION = YES;
				CLANG_WARN_COMMA = YES;
				CLANG_WARN_CONSTANT_CONVERSION = YES;
				CLANG_WARN_DEPRECATED_OBJC_IMPLEMENTATIONS = YES;
				CLANG_WARN_DIRECT_OBJC_ISA_USAGE = YES_ERROR;
				CLANG_WARN_DOCUMENTATION_COMMENTS = YES;
				CLANG_WARN_EMPTY_BODY = YES;
				CLANG_WARN_ENUM_CONVERSION = YES;
				CLANG_WARN_INFINITE_RECURSION = YES;
				CLANG_WARN_INT_CONVERSION = YES;
				CLANG_WARN_NON_LITERAL_NULL_CONVERSION = YES;
				CLANG_WARN_OBJC_IMPLICIT_RETAIN_SELF = YES;
				CLANG_WARN_OBJC_LITERAL_CONVERSION = YES;
				CLANG_WARN_OBJC_ROOT_CLASS = YES_ERROR;
				CLANG_WARN_QUOTED_INCLUDE_IN_FRAMEWORK_HEADER = YES;
				CLANG_WARN_RANGE_LOOP_ANALYSIS = YES;
				CLANG_WARN_STRICT_PROTOTYPES = YES;
				CLANG_WARN_SUSPICIOUS_MOVE = YES;
				CLANG_WARN_UNGUARDED_AVAILABILITY = YES_AGGRESSIVE;
				CLANG_WARN_UNREACHABLE_CODE = YES;
				CLANG_WARN__DUPLICATE_METHOD_MATCH = YES;
				COPY_PHASE_STRIP = NO;
				DEBUG_INFORMATION_FORMAT = "dwarf-with-dsym";
				ENABLE_NS_ASSERTIONS = NO;
				ENABLE_STRICT_OBJC_MSGSEND = YES;
				GCC_C_LANGUAGE_STANDARD = gnu11;
				GCC_NO_COMMON_BLOCKS = YES;
				GCC_WARN_64_TO_32_BIT_CONVERSION = YES;
				GCC_WARN_ABOUT_RETURN_TYPE = YES_ERROR;
				GCC_WARN_UNDECLARED_SELECTOR = YES;
				GCC_WARN_UNINITIALIZED_AUTOS = YES_AGGRESSIVE;
				GCC_WARN_UNUSED_FUNCTION = YES;
				GCC_WARN_UNUSED_VARIABLE = YES;
				MACOSX_DEPLOYMENT_TARGET = 12.3;
				MTL_ENABLE_DEBUG_INFO = NO;
				MTL_FAST_MATH = YES;
				SDKROOT = macosx;
			};
			name = Release;
		};
		646FAC6828A66A6500DCEE5E /* Debug */ = {
			isa = XCBuildConfiguration;
			buildSettings = {
				CODE_SIGN_STYLE = Automatic;
				DEVELOPMENT_TEAM = CF264WE69M;
				ENABLE_HARDENED_RUNTIME = YES;
				PRODUCT_NAME = "$(TARGET_NAME)";
			};
			name = Debug;
		};
		646FAC6928A66A6500DCEE5E /* Release */ = {
			isa = XCBuildConfiguration;
			buildSettings = {
				CODE_SIGN_STYLE = Automatic;
				DEVELOPMENT_TEAM = CF264WE69M;
				ENABLE_HARDENED_RUNTIME = YES;
				PRODUCT_NAME = "$(TARGET_NAME)";
			};
			name = Release;
		};
/* End XCBuildConfiguration section */

/* Begin XCConfigurationList section */
		646FAC5B28A66A6400DCEE5E /* Build configuration list for PBXProject "UOMapExtractor" */ = {
			isa = XCConfigurationList;
			buildConfigurations = (
				646FAC6528A66A6500DCEE5E /* Debug */,
				646FAC6628A66A6500DCEE5E /* Release */,
			);
			defaultConfigurationIsVisible = 0;
			defaultConfigurationName = Release;
		};
		646FAC6728A66A6500DCEE5E /* Build configuration list for PBXNativeTarget "UOMapExtractor" */ = {
			isa = XCConfigurationList;
			buildConfigurations = (
				646FAC6828A66A6500DCEE5E /* Debug */,
				646FAC6928A66A6500DCEE5E /* Release */,
			);
			defaultConfigurationIsVisible = 0;
			defaultConfigurationName = Release;
		};
/* End XCConfigurationList section */
	};
	rootObject = 646FAC5828A66A6400DCEE5E /* Project object */;
}
